
Microsoft Visual Studio Solution File, Format Version 12.00
# Visual Studio Version 16
VisualStudioVersion = 16.0.30011.22
MinimumVisualStudioVersion = 10.0.40219.1
Project("{9A19103F-16F7-4668-BE54-9A1E7A4F7556}") = "Calculator", "Calculator.csproj", "{8D30A5F3-0A15-4F9C-A1EE-AD6E2BFF9371}"
EndProject
Project("{FAE04EC0-301F-11D3-BF4B-00C04F79EFBC}") = "CalculatorTests", "..\CalculatorTests\CalculatorTests.csproj", "{3CB17A16-EFDF-428E-896A-9F211F9D6CD9}"
EndProject
Global
	GlobalSection(SolutionConfigurationPlatforms) = preSolution
		Debug|Any CPU = Debug|Any CPU
		Release|Any CPU = Release|Any CPU
	EndGlobalSection
	GlobalSection(ProjectConfigurationPlatforms) = postSolution
		{8D30A5F3-0A15-4F9C-A1EE-AD6E2BFF9371}.Debug|Any CPU.ActiveCfg = Debug|Any CPU
		{8D30A5F3-0A15-4F9C-A1EE-AD6E2BFF9371}.Debug|Any CPU.Build.0 = Debug|Any CPU
		{8D30A5F3-0A15-4F9C-A1EE-AD6E2BFF9371}.Release|Any CPU.ActiveCfg = Release|Any CPU
		{8D30A5F3-0A15-4F9C-A1EE-AD6E2BFF9371}.Release|Any CPU.Build.0 = Release|Any CPU
		{3CB17A16-EFDF-428E-896A-9F211F9D6CD9}.Debug|Any CPU.ActiveCfg = Debug|Any CPU
		{3CB17A16-EFDF-428E-896A-9F211F9D6CD9}.Debug|Any CPU.Build.0 = Debug|Any CPU
		{3CB17A16-EFDF-428E-896A-9F211F9D6CD9}.Release|Any CPU.ActiveCfg = Release|Any CPU
		{3CB17A16-EFDF-428E-896A-9F211F9D6CD9}.Release|Any CPU.Build.0 = Release|Any CPU
	EndGlobalSection
	GlobalSection(SolutionProperties) = preSolution
		HideSolutionNode = FALSE
	EndGlobalSection
	GlobalSection(ExtensibilityGlobals) = postSolution
		SolutionGuid = {78CF2565-6988-4B74-81DE-E5C3145A38EC}
	EndGlobalSection
EndGlobal
