
Microsoft Visual Studio Solution File, Format Version 12.00
# Visual Studio Version 16
VisualStudioVersion = 16.0.30011.22
MinimumVisualStudioVersion = 10.0.40219.1
Project("{FAE04EC0-301F-11D3-BF4B-00C04F79EFBC}") = "HandsOnApi", "HandsOnApi.csproj", "{5D77ECBA-0F46-4245-98D0-8B9C345FB22B}"
EndProject
Global
	GlobalSection(SolutionConfigurationPlatforms) = preSolution
		Debug|Any CPU = Debug|Any CPU
		Release|Any CPU = Release|Any CPU
	EndGlobalSection
	GlobalSection(ProjectConfigurationPlatforms) = postSolution
		{5D77ECBA-0F46-4245-98D0-8B9C345FB22B}.Debug|Any CPU.ActiveCfg = Debug|Any CPU
		{5D77ECBA-0F46-4245-98D0-8B9C345FB22B}.Debug|Any CPU.Build.0 = Debug|Any CPU
		{5D77ECBA-0F46-4245-98D0-8B9C345FB22B}.Release|Any CPU.ActiveCfg = Release|Any CPU
		{5D77ECBA-0F46-4245-98D0-8B9C345FB22B}.Release|Any CPU.Build.0 = Release|Any CPU
	EndGlobalSection
	GlobalSection(SolutionProperties) = preSolution
		HideSolutionNode = FALSE
	EndGlobalSection
	GlobalSection(ExtensibilityGlobals) = postSolution
		SolutionGuid = {A3CC8B74-DF6D-4AEE-8F0A-8DA8EE9408FC}
	EndGlobalSection
EndGlobal
