
Microsoft Visual Studio Solution File, Format Version 12.00
# Visual Studio Version 16
VisualStudioVersion = 16.0.30011.22
MinimumVisualStudioVersion = 10.0.40219.1
Project("{FAE04EC0-301F-11D3-BF4B-00C04F79EFBC}") = "Delegates", "Delegates.csproj", "{AB6DA89F-0A5F-40F8-A87D-2947A0F64648}"
EndProject
Global
	GlobalSection(SolutionConfigurationPlatforms) = preSolution
		Debug|Any CPU = Debug|Any CPU
		Release|Any CPU = Release|Any CPU
	EndGlobalSection
	GlobalSection(ProjectConfigurationPlatforms) = postSolution
		{AB6DA89F-0A5F-40F8-A87D-2947A0F64648}.Debug|Any CPU.ActiveCfg = Debug|Any CPU
		{AB6DA89F-0A5F-40F8-A87D-2947A0F64648}.Debug|Any CPU.Build.0 = Debug|Any CPU
		{AB6DA89F-0A5F-40F8-A87D-2947A0F64648}.Release|Any CPU.ActiveCfg = Release|Any CPU
		{AB6DA89F-0A5F-40F8-A87D-2947A0F64648}.Release|Any CPU.Build.0 = Release|Any CPU
	EndGlobalSection
	GlobalSection(SolutionProperties) = preSolution
		HideSolutionNode = FALSE
	EndGlobalSection
	GlobalSection(ExtensibilityGlobals) = postSolution
		SolutionGuid = {5BDB4539-A558-4276-87C7-13CE5220AA8E}
	EndGlobalSection
EndGlobal
